{
  "requires": true,
  "lockfileVersion": 1,
  "dependencies": {
    "es6-promise": {
      "version": "4.2.8",
      "resolved": "https://registry.npm.taobao.org/es6-promise/download/es6-promise-4.2.8.tgz"
    },
    "mobx-miniprogram": {
      "version": "4.13.2",
      "resolved": "https://registry.npm.taobao.org/mobx-miniprogram/download/mobx-miniprogram-4.13.2.tgz"
    },
    "mobx-miniprogram-bindings": {
      "version": "1.2.1",
      "resolved": "https://registry.npm.taobao.org/mobx-miniprogram-bindings/download/mobx-miniprogram-bindings-1.2.1.tgz"
    }
  }
}
